
Microsoft Visual Studio Solution File, Format Version 12.00
# Visual Studio Version 17
VisualStudioVersion = 17.4.33110.190
MinimumVisualStudioVersion = 10.0.40219.1
Project("{FAE04EC0-301F-11D3-BF4B-00C04F79EFBC}") = "Tsarst.Grid.Android", "Tsarst.Grid\Tsarst.Grid.Android\Tsarst.Grid.Android.csproj", "{1CB0CF9A-C2C3-4D3C-8ECE-B8AFE0FDE3F9}"
EndProject
Project("{FAE04EC0-301F-11D3-BF4B-00C04F79EFBC}") = "Tsarst.Grid", "Tsarst.Grid\Tsarst.Grid\Tsarst.Grid.csproj", "{380C781D-6FF5-4A05-95BD-F18EB432E25E}"
EndProject
Global
	GlobalSection(SolutionConfigurationPlatforms) = preSolution
		Debug|Any CPU = Debug|Any CPU
		Release|Any CPU = Release|Any CPU
	EndGlobalSection
	GlobalSection(ProjectConfigurationPlatforms) = postSolution
		{1CB0CF9A-C2C3-4D3C-8ECE-B8AFE0FDE3F9}.Debug|Any CPU.ActiveCfg = Debug|Any CPU
		{1CB0CF9A-C2C3-4D3C-8ECE-B8AFE0FDE3F9}.Debug|Any CPU.Build.0 = Debug|Any CPU
		{1CB0CF9A-C2C3-4D3C-8ECE-B8AFE0FDE3F9}.Debug|Any CPU.Deploy.0 = Debug|Any CPU
		{1CB0CF9A-C2C3-4D3C-8ECE-B8AFE0FDE3F9}.Release|Any CPU.ActiveCfg = Release|Any CPU
		{1CB0CF9A-C2C3-4D3C-8ECE-B8AFE0FDE3F9}.Release|Any CPU.Build.0 = Release|Any CPU
		{1CB0CF9A-C2C3-4D3C-8ECE-B8AFE0FDE3F9}.Release|Any CPU.Deploy.0 = Release|Any CPU
		{380C781D-6FF5-4A05-95BD-F18EB432E25E}.Debug|Any CPU.ActiveCfg = Debug|Any CPU
		{380C781D-6FF5-4A05-95BD-F18EB432E25E}.Debug|Any CPU.Build.0 = Debug|Any CPU
		{380C781D-6FF5-4A05-95BD-F18EB432E25E}.Debug|Any CPU.Deploy.0 = Debug|Any CPU
		{380C781D-6FF5-4A05-95BD-F18EB432E25E}.Release|Any CPU.ActiveCfg = Release|Any CPU
		{380C781D-6FF5-4A05-95BD-F18EB432E25E}.Release|Any CPU.Build.0 = Release|Any CPU
		{380C781D-6FF5-4A05-95BD-F18EB432E25E}.Release|Any CPU.Deploy.0 = Release|Any CPU
	EndGlobalSection
	GlobalSection(SolutionProperties) = preSolution
		HideSolutionNode = FALSE
	EndGlobalSection
	GlobalSection(ExtensibilityGlobals) = postSolution
		SolutionGuid = {87CE75EE-BF3B-4308-9132-E95BC228DFF4}
	EndGlobalSection
EndGlobal
